
Microsoft Visual Studio Solution File, Format Version 12.00
# Visual Studio 15
VisualStudioVersion = 15.0.28307.1267
MinimumVisualStudioVersion = 10.0.40219.1
Project("{FAE04EC0-301F-11D3-BF4B-00C04F79EFBC}") = "AutoPatcherGUI", "AutoPatcherGUI\AutoPatcherGUI.csproj", "{C03507B4-7B71-4471-8FD4-17E254151F8A}"
EndProject
Global
	GlobalSection(SolutionConfigurationPlatforms) = preSolution
		Debug|Any CPU = Debug|Any CPU
		Release|Any CPU = Release|Any CPU
	EndGlobalSection
	GlobalSection(ProjectConfigurationPlatforms) = postSolution
		{C03507B4-7B71-4471-8FD4-17E254151F8A}.Debug|Any CPU.ActiveCfg = Debug|Any CPU
		{C03507B4-7B71-4471-8FD4-17E254151F8A}.Debug|Any CPU.Build.0 = Debug|Any CPU
		{C03507B4-7B71-4471-8FD4-17E254151F8A}.Release|Any CPU.ActiveCfg = Release|Any CPU
		{C03507B4-7B71-4471-8FD4-17E254151F8A}.Release|Any CPU.Build.0 = Release|Any CPU
	EndGlobalSection
	GlobalSection(SolutionProperties) = preSolution
		HideSolutionNode = FALSE
	EndGlobalSection
	GlobalSection(ExtensibilityGlobals) = postSolution
		SolutionGuid = {A063BDC1-D952-489B-B699-1B1065634655}
	EndGlobalSection
EndGlobal
